<Solution>
  <Folder Name="/src/">
    <Project Path="src/TechJobsNL.Adapters.Providers/TechJobsNL.Adapters.Providers.csproj" />
    <Project Path="src/TechJobsNL.App/TechJobsNL.App.csproj" />
    <Project Path="src/TechJobsNL.Core/TechJobsNL.Core.csproj" />
    <Project Path="src/TechJobsNL.Persistence.Sqlite/TechJobsNL.Persistence.Sqlite.csproj" />
    <Project Path="src/TechJobsNL.Runtime/TechJobsNL.Runtime.csproj" />
  </Folder>
  <Folder Name="/tests/">
    <Project Path="tests/TechJobsNL.Adapters.Providers.Tests/TechJobsNL.Adapters.Providers.Tests.csproj" />
    <Project Path="tests/TechJobsNL.App.Tests/TechJobsNL.App.Tests.csproj" />
    <Project Path="tests/TechJobsNL.Core.Tests/TechJobsNL.Core.Tests.csproj" />
    <Project Path="tests/TechJobsNL.Persistence.Sqlite.Tests/TechJobsNL.Persistence.Sqlite.Tests.csproj" />
    <Project Path="tests/TechJobsNL.Runtime.Tests/TechJobsNL.Runtime.Tests.csproj" />
  </Folder>
</Solution>
